// !$*UTF8*$!
{
	archiveVersion = 1;
	classes = {
	};
	objectVersion = 55;
	objects = {

/* Begin PBXBuildFile section */
		C8450C942786631100B77623 /* ActionHierarchyTestsApp.swift in Sources */ = {isa = PBXBuildFile; fileRef = C8450C932786631100B77623 /* ActionHierarchyTestsApp.swift */; };
		C8450C962786631100B77623 /* ContentView.swift in Sources */ = {isa = PBXBuildFile; fileRef = C8450C952786631100B77623 /* ContentView.swift */; };
		C8450C982786631300B77623 /* Assets.xcassets in Resources */ = {isa = PBXBuildFile; fileRef = C8450C972786631300B77623 /* Assets.xcassets */; };
		C8450C9B2786631300B77623 /* Preview Assets.xcassets in Resources */ = {isa = PBXBuildFile; fileRef = C8450C9A2786631300B77623 /* Preview Assets.xcassets */; };
		C8450CA62786633D00B77623 /* Action.swift in Sources */ = {isa = PBXBuildFile; fileRef = C8450CA22786633D00B77623 /* Action.swift */; };
		C8450CA72786633D00B77623 /* ActionHandlerViewModifier.swift in Sources */ = {isa = PBXBuildFile; fileRef = C8450CA32786633D00B77623 /* ActionHandlerViewModifier.swift */; };
		C8450CA82786633D00B77623 /* ActionEnvironmentValues.swift in Sources */ = {isa = PBXBuildFile; fileRef = C8450CA42786633D00B77623 /* ActionEnvironmentValues.swift */; };
		C8450CA92786633D00B77623 /* View+ActionHandling.swift in Sources */ = {isa = PBXBuildFile; fileRef = C8450CA52786633D00B77623 /* View+ActionHandling.swift */; };
		C8450CB1278663A300B77623 /* ActionHierarchyUITests.swift in Sources */ = {isa = PBXBuildFile; fileRef = C8450CB0278663A300B77623 /* ActionHierarchyUITests.swift */; };
/* End PBXBuildFile section */

/* Begin PBXContainerItemProxy section */
		C8450CB4278663A300B77623 /* PBXContainerItemProxy */ = {
			isa = PBXContainerItemProxy;
			containerPortal = C8450C882786631100B77623 /* Project object */;
			proxyType = 1;
			remoteGlobalIDString = C8450C8F2786631100B77623;
			remoteInfo = ActionHierarchyTests;
		};
/* End PBXContainerItemProxy section */

/* Begin PBXFileReference section */
		C8450C902786631100B77623 /* ActionHierarchyTests.app */ = {isa = PBXFileReference; explicitFileType = wrapper.application; includeInIndex = 0; path = ActionHierarchyTests.app; sourceTree = BUILT_PRODUCTS_DIR; };
		C8450C932786631100B77623 /* ActionHierarchyTestsApp.swift */ = {isa = PBXFileReference; lastKnownFileType = sourcecode.swift; path = ActionHierarchyTestsApp.swift; sourceTree = "<group>"; };
		C8450C952786631100B77623 /* ContentView.swift */ = {isa = PBXFileReference; lastKnownFileType = sourcecode.swift; path = ContentView.swift; sourceTree = "<group>"; };
		C8450C972786631300B77623 /* Assets.xcassets */ = {isa = PBXFileReference; lastKnownFileType = folder.assetcatalog; path = Assets.xcassets; sourceTree = "<group>"; };
		C8450C9A2786631300B77623 /* Preview Assets.xcassets */ = {isa = PBXFileReference; lastKnownFileType = folder.assetcatalog; path = "Preview Assets.xcassets"; sourceTree = "<group>"; };
		C8450CA22786633D00B77623 /* Action.swift */ = {isa = PBXFileReference; fileEncoding = 4; lastKnownFileType = sourcecode.swift; name = Action.swift; path = ../../../Sources/ActionHierarchy/Action.swift; sourceTree = "<group>"; };
		C8450CA32786633D00B77623 /* ActionHandlerViewModifier.swift */ = {isa = PBXFileReference; fileEncoding = 4; lastKnownFileType = sourcecode.swift; name = ActionHandlerViewModifier.swift; path = ../../../Sources/ActionHierarchy/ActionHandlerViewModifier.swift; sourceTree = "<group>"; };
		C8450CA42786633D00B77623 /* ActionEnvironmentValues.swift */ = {isa = PBXFileReference; fileEncoding = 4; lastKnownFileType = sourcecode.swift; name = ActionEnvironmentValues.swift; path = ../../../Sources/ActionHierarchy/ActionEnvironmentValues.swift; sourceTree = "<group>"; };
		C8450CA52786633D00B77623 /* View+ActionHandling.swift */ = {isa = PBXFileReference; fileEncoding = 4; lastKnownFileType = sourcecode.swift; name = "View+ActionHandling.swift"; path = "../../../Sources/ActionHierarchy/View+ActionHandling.swift"; sourceTree = "<group>"; };
		C8450CAE278663A300B77623 /* ActionHierarchyUITests.xctest */ = {isa = PBXFileReference; explicitFileType = wrapper.cfbundle; includeInIndex = 0; path = ActionHierarchyUITests.xctest; sourceTree = BUILT_PRODUCTS_DIR; };
		C8450CB0278663A300B77623 /* ActionHierarchyUITests.swift */ = {isa = PBXFileReference; lastKnownFileType = sourcecode.swift; path = ActionHierarchyUITests.swift; sourceTree = "<group>"; };
/* End PBXFileReference section */

/* Begin PBXFrameworksBuildPhase section */
		C8450C8D2786631100B77623 /* Frameworks */ = {
			isa = PBXFrameworksBuildPhase;
			buildActionMask = 2147483647;
			files = (
			);
			runOnlyForDeploymentPostprocessing = 0;
		};
		C8450CAB278663A300B77623 /* Frameworks */ = {
			isa = PBXFrameworksBuildPhase;
			buildActionMask = 2147483647;
			files = (
			);
			runOnlyForDeploymentPostprocessing = 0;
		};
/* End PBXFrameworksBuildPhase section */

/* Begin PBXGroup section */
		C8450C872786631100B77623 = {
			isa = PBXGroup;
			children = (
				C8450C922786631100B77623 /* ActionHierarchyTests */,
				C8450CAF278663A300B77623 /* ActionHierarchyUITests */,
				C8450C912786631100B77623 /* Products */,
			);
			sourceTree = "<group>";
		};
		C8450C912786631100B77623 /* Products */ = {
			isa = PBXGroup;
			children = (
				C8450C902786631100B77623 /* ActionHierarchyTests.app */,
				C8450CAE278663A300B77623 /* ActionHierarchyUITests.xctest */,
			);
			name = Products;
			sourceTree = "<group>";
		};
		C8450C922786631100B77623 /* ActionHierarchyTests */ = {
			isa = PBXGroup;
			children = (
				C8450CA12786632B00B77623 /* Source */,
				C8450C932786631100B77623 /* ActionHierarchyTestsApp.swift */,
				C8450C952786631100B77623 /* ContentView.swift */,
				C8450C972786631300B77623 /* Assets.xcassets */,
				C8450C992786631300B77623 /* Preview Content */,
			);
			path = ActionHierarchyTests;
			sourceTree = "<group>";
		};
		C8450C992786631300B77623 /* Preview Content */ = {
			isa = PBXGroup;
			children = (
				C8450C9A2786631300B77623 /* Preview Assets.xcassets */,
			);
			path = "Preview Content";
			sourceTree = "<group>";
		};
		C8450CA12786632B00B77623 /* Source */ = {
			isa = PBXGroup;
			children = (
				C8450CA22786633D00B77623 /* Action.swift */,
				C8450CA42786633D00B77623 /* ActionEnvironmentValues.swift */,
				C8450CA32786633D00B77623 /* ActionHandlerViewModifier.swift */,
				C8450CA52786633D00B77623 /* View+ActionHandling.swift */,
			);
			path = Source;
			sourceTree = "<group>";
		};
		C8450CAF278663A300B77623 /* ActionHierarchyUITests */ = {
			isa = PBXGroup;
			children = (
				C8450CB0278663A300B77623 /* ActionHierarchyUITests.swift */,
			);
			path = ActionHierarchyUITests;
			sourceTree = "<group>";
		};
/* End PBXGroup section */

/* Begin PBXNativeTarget section */
		C8450C8F2786631100B77623 /* ActionHierarchyTests */ = {
			isa = PBXNativeTarget;
			buildConfigurationList = C8450C9E2786631300B77623 /* Build configuration list for PBXNativeTarget "ActionHierarchyTests" */;
			buildPhases = (
				C8450C8C2786631100B77623 /* Sources */,
				C8450C8D2786631100B77623 /* Frameworks */,
				C8450C8E2786631100B77623 /* Resources */,
			);
			buildRules = (
			);
			dependencies = (
			);
			name = ActionHierarchyTests;
			productName = ActionHierarchyTests;
			productReference = C8450C902786631100B77623 /* ActionHierarchyTests.app */;
			productType = "com.apple.product-type.application";
		};
		C8450CAD278663A300B77623 /* ActionHierarchyUITests */ = {
			isa = PBXNativeTarget;
			buildConfigurationList = C8450CB6278663A300B77623 /* Build configuration list for PBXNativeTarget "ActionHierarchyUITests" */;
			buildPhases = (
				C8450CAA278663A300B77623 /* Sources */,
				C8450CAB278663A300B77623 /* Frameworks */,
				C8450CAC278663A300B77623 /* Resources */,
			);
			buildRules = (
			);
			dependencies = (
				C8450CB5278663A300B77623 /* PBXTargetDependency */,
			);
			name = ActionHierarchyUITests;
			productName = ActionHierarchyUITests;
			productReference = C8450CAE278663A300B77623 /* ActionHierarchyUITests.xctest */;
			productType = "com.apple.product-type.bundle.ui-testing";
		};
/* End PBXNativeTarget section */

/* Begin PBXProject section */
		C8450C882786631100B77623 /* Project object */ = {
			isa = PBXProject;
			attributes = {
				BuildIndependentTargetsInParallel = 1;
				LastSwiftUpdateCheck = 1320;
				LastUpgradeCheck = 1320;
				TargetAttributes = {
					C8450C8F2786631100B77623 = {
						CreatedOnToolsVersion = 13.2.1;
					};
					C8450CAD278663A300B77623 = {
						CreatedOnToolsVersion = 13.2.1;
						TestTargetID = C8450C8F2786631100B77623;
					};
				};
			};
			buildConfigurationList = C8450C8B2786631100B77623 /* Build configuration list for PBXProject "ActionHierarchyTests" */;
			compatibilityVersion = "Xcode 13.0";
			developmentRegion = en;
			hasScannedForEncodings = 0;
			knownRegions = (
				en,
				Base,
			);
			mainGroup = C8450C872786631100B77623;
			productRefGroup = C8450C912786631100B77623 /* Products */;
			projectDirPath = "";
			projectRoot = "";
			targets = (
				C8450C8F2786631100B77623 /* ActionHierarchyTests */,
				C8450CAD278663A300B77623 /* ActionHierarchyUITests */,
			);
		};
/* End PBXProject section */

/* Begin PBXResourcesBuildPhase section */
		C8450C8E2786631100B77623 /* Resources */ = {
			isa = PBXResourcesBuildPhase;
			buildActionMask = 2147483647;
			files = (
				C8450C9B2786631300B77623 /* Preview Assets.xcassets in Resources */,
				C8450C982786631300B77623 /* Assets.xcassets in Resources */,
			);
			runOnlyForDeploymentPostprocessing = 0;
		};
		C8450CAC278663A300B77623 /* Resources */ = {
			isa = PBXResourcesBuildPhase;
			buildActionMask = 2147483647;
			files = (
			);
			runOnlyForDeploymentPostprocessing = 0;
		};
/* End PBXResourcesBuildPhase section */

/* Begin PBXSourcesBuildPhase section */
		C8450C8C2786631100B77623 /* Sources */ = {
			isa = PBXSourcesBuildPhase;
			buildActionMask = 2147483647;
			files = (
				C8450CA72786633D00B77623 /* ActionHandlerViewModifier.swift in Sources */,
				C8450C962786631100B77623 /* ContentView.swift in Sources */,
				C8450CA62786633D00B77623 /* Action.swift in Sources */,
				C8450C942786631100B77623 /* ActionHierarchyTestsApp.swift in Sources */,
				C8450CA82786633D00B77623 /* ActionEnvironmentValues.swift in Sources */,
				C8450CA92786633D00B77623 /* View+ActionHandling.swift in Sources */,
			);
			runOnlyForDeploymentPostprocessing = 0;
		};
		C8450CAA278663A300B77623 /* Sources */ = {
			isa = PBXSourcesBuildPhase;
			buildActionMask = 2147483647;
			files = (
				C8450CB1278663A300B77623 /* ActionHierarchyUITests.swift in Sources */,
			);
			runOnlyForDeploymentPostprocessing = 0;
		};
/* End PBXSourcesBuildPhase section */

/* Begin PBXTargetDependency section */
		C8450CB5278663A300B77623 /* PBXTargetDependency */ = {
			isa = PBXTargetDependency;
			target = C8450C8F2786631100B77623 /* ActionHierarchyTests */;
			targetProxy = C8450CB4278663A300B77623 /* PBXContainerItemProxy */;
		};
/* End PBXTargetDependency section */

/* Begin XCBuildConfiguration section */
		C8450C9C2786631300B77623 /* Debug */ = {
			isa = XCBuildConfiguration;
			buildSettings = {
				ALWAYS_SEARCH_USER_PATHS = NO;
				CLANG_ANALYZER_NONNULL = YES;
				CLANG_ANALYZER_NUMBER_OBJECT_CONVERSION = YES_AGGRESSIVE;
				CLANG_CXX_LANGUAGE_STANDARD = "gnu++17";
				CLANG_CXX_LIBRARY = "libc++";
				CLANG_ENABLE_MODULES = YES;
				CLANG_ENABLE_OBJC_ARC = YES;
				CLANG_ENABLE_OBJC_WEAK = YES;
				CLANG_WARN_BLOCK_CAPTURE_AUTORELEASING = YES;
				CLANG_WARN_BOOL_CONVERSION = YES;
				CLANG_WARN_COMMA = YES;
				CLANG_WARN_CONSTANT_CONVERSION = YES;
				CLANG_WARN_DEPRECATED_OBJC_IMPLEMENTATIONS = YES;
				CLANG_WARN_DIRECT_OBJC_ISA_USAGE = YES_ERROR;
				CLANG_WARN_DOCUMENTATION_COMMENTS = YES;
				CLANG_WARN_EMPTY_BODY = YES;
				CLANG_WARN_ENUM_CONVERSION = YES;
				CLANG_WARN_INFINITE_RECURSION = YES;
				CLANG_WARN_INT_CONVERSION = YES;
				CLANG_WARN_NON_LITERAL_NULL_CONVERSION = YES;
				CLANG_WARN_OBJC_IMPLICIT_RETAIN_SELF = YES;
				CLANG_WARN_OBJC_LITERAL_CONVERSION = YES;
				CLANG_WARN_OBJC_ROOT_CLASS = YES_ERROR;
				CLANG_WARN_QUOTED_INCLUDE_IN_FRAMEWORK_HEADER = YES;
				CLANG_WARN_RANGE_LOOP_ANALYSIS = YES;
				CLANG_WARN_STRICT_PROTOTYPES = YES;
				CLANG_WARN_SUSPICIOUS_MOVE = YES;
				CLANG_WARN_UNGUARDED_AVAILABILITY = YES_AGGRESSIVE;
				CLANG_WARN_UNREACHABLE_CODE = YES;
				CLANG_WARN__DUPLICATE_METHOD_MATCH = YES;
				COPY_PHASE_STRIP = NO;
				DEBUG_INFORMATION_FORMAT = dwarf;
				ENABLE_STRICT_OBJC_MSGSEND = YES;
				ENABLE_TESTABILITY = YES;
				GCC_C_LANGUAGE_STANDARD = gnu11;
				GCC_DYNAMIC_NO_PIC = NO;
				GCC_NO_COMMON_BLOCKS = YES;
				GCC_OPTIMIZATION_LEVEL = 0;
				GCC_PREPROCESSOR_DEFINITIONS = (
					"DEBUG=1",
					"$(inherited)",
				);
				GCC_WARN_64_TO_32_BIT_CONVERSION = YES;
				GCC_WARN_ABOUT_RETURN_TYPE = YES_ERROR;
				GCC_WARN_UNDECLARED_SELECTOR = YES;
				GCC_WARN_UNINITIALIZED_AUTOS = YES_AGGRESSIVE;
				GCC_WARN_UNUSED_FUNCTION = YES;
				GCC_WARN_UNUSED_VARIABLE = YES;
				IPHONEOS_DEPLOYMENT_TARGET = 15.2;
				MTL_ENABLE_DEBUG_INFO = INCLUDE_SOURCE;
				MTL_FAST_MATH = YES;
				ONLY_ACTIVE_ARCH = YES;
				SDKROOT = iphoneos;
				SWIFT_ACTIVE_COMPILATION_CONDITIONS = DEBUG;
				SWIFT_OPTIMIZATION_LEVEL = "-Onone";
			};
			name = Debug;
		};
		C8450C9D2786631300B77623 /* Release */ = {
			isa = XCBuildConfiguration;
			buildSettings = {
				ALWAYS_SEARCH_USER_PATHS = NO;
				CLANG_ANALYZER_NONNULL = YES;
				CLANG_ANALYZER_NUMBER_OBJECT_CONVERSION = YES_AGGRESSIVE;
				CLANG_CXX_LANGUAGE_STANDARD = "gnu++17";
				CLANG_CXX_LIBRARY = "libc++";
				CLANG_ENABLE_MODULES = YES;
				CLANG_ENABLE_OBJC_ARC = YES;
				CLANG_ENABLE_OBJC_WEAK = YES;
				CLANG_WARN_BLOCK_CAPTURE_AUTORELEASING = YES;
				CLANG_WARN_BOOL_CONVERSION = YES;
				CLANG_WARN_COMMA = YES;
				CLANG_WARN_CONSTANT_CONVERSION = YES;
				CLANG_WARN_DEPRECATED_OBJC_IMPLEMENTATIONS = YES;
				CLANG_WARN_DIRECT_OBJC_ISA_USAGE = YES_ERROR;
				CLANG_WARN_DOCUMENTATION_COMMENTS = YES;
				CLANG_WARN_EMPTY_BODY = YES;
				CLANG_WARN_ENUM_CONVERSION = YES;
				CLANG_WARN_INFINITE_RECURSION = YES;
				CLANG_WARN_INT_CONVERSION = YES;
				CLANG_WARN_NON_LITERAL_NULL_CONVERSION = YES;
				CLANG_WARN_OBJC_IMPLICIT_RETAIN_SELF = YES;
				CLANG_WARN_OBJC_LITERAL_CONVERSION = YES;
				CLANG_WARN_OBJC_ROOT_CLASS = YES_ERROR;
				CLANG_WARN_QUOTED_INCLUDE_IN_FRAMEWORK_HEADER = YES;
				CLANG_WARN_RANGE_LOOP_ANALYSIS = YES;
				CLANG_WARN_STRICT_PROTOTYPES = YES;
				CLANG_WARN_SUSPICIOUS_MOVE = YES;
				CLANG_WARN_UNGUARDED_AVAILABILITY = YES_AGGRESSIVE;
				CLANG_WARN_UNREACHABLE_CODE = YES;
				CLANG_WARN__DUPLICATE_METHOD_MATCH = YES;
				COPY_PHASE_STRIP = NO;
				DEBUG_INFORMATION_FORMAT = "dwarf-with-dsym";
				ENABLE_NS_ASSERTIONS = NO;
				ENABLE_STRICT_OBJC_MSGSEND = YES;
				GCC_C_LANGUAGE_STANDARD = gnu11;
				GCC_NO_COMMON_BLOCKS = YES;
				GCC_WARN_64_TO_32_BIT_CONVERSION = YES;
				GCC_WARN_ABOUT_RETURN_TYPE = YES_ERROR;
				GCC_WARN_UNDECLARED_SELECTOR = YES;
				GCC_WARN_UNINITIALIZED_AUTOS = YES_AGGRESSIVE;
				GCC_WARN_UNUSED_FUNCTION = YES;
				GCC_WARN_UNUSED_VARIABLE = YES;
				IPHONEOS_DEPLOYMENT_TARGET = 15.2;
				MTL_ENABLE_DEBUG_INFO = NO;
				MTL_FAST_MATH = YES;
				SDKROOT = iphoneos;
				SWIFT_COMPILATION_MODE = wholemodule;
				SWIFT_OPTIMIZATION_LEVEL = "-O";
				VALIDATE_PRODUCT = YES;
			};
			name = Release;
		};
		C8450C9F2786631300B77623 /* Debug */ = {
			isa = XCBuildConfiguration;
			buildSettings = {
				ASSETCATALOG_COMPILER_APPICON_NAME = AppIcon;
				ASSETCATALOG_COMPILER_GLOBAL_ACCENT_COLOR_NAME = AccentColor;
				CODE_SIGN_STYLE = Automatic;
				CURRENT_PROJECT_VERSION = 1;
				DEVELOPMENT_ASSET_PATHS = "\"ActionHierarchyTests/Preview Content\"";
				DEVELOPMENT_TEAM = FS696NSBK7;
				ENABLE_PREVIEWS = YES;
				GENERATE_INFOPLIST_FILE = YES;
				INFOPLIST_KEY_UIApplicationSceneManifest_Generation = YES;
				INFOPLIST_KEY_UIApplicationSupportsIndirectInputEvents = YES;
				INFOPLIST_KEY_UILaunchScreen_Generation = YES;
				INFOPLIST_KEY_UISupportedInterfaceOrientations_iPad = "UIInterfaceOrientationPortrait UIInterfaceOrientationPortraitUpsideDown UIInterfaceOrientationLandscapeLeft UIInterfaceOrientationLandscapeRight";
				INFOPLIST_KEY_UISupportedInterfaceOrientations_iPhone = "UIInterfaceOrientationPortrait UIInterfaceOrientationLandscapeLeft UIInterfaceOrientationLandscapeRight";
				LD_RUNPATH_SEARCH_PATHS = (
					"$(inherited)",
					"@executable_path/Frameworks",
				);
				MARKETING_VERSION = 1.0;
				PRODUCT_BUNDLE_IDENTIFIER = com.emiliopelaez.ActionHierarchyTests;
				PRODUCT_NAME = "$(TARGET_NAME)";
				SWIFT_EMIT_LOC_STRINGS = YES;
				SWIFT_VERSION = 5.0;
				TARGETED_DEVICE_FAMILY = "1,2";
			};
			name = Debug;
		};
		C8450CA02786631300B77623 /* Release */ = {
			isa = XCBuildConfiguration;
			buildSettings = {
				ASSETCATALOG_COMPILER_APPICON_NAME = AppIcon;
				ASSETCATALOG_COMPILER_GLOBAL_ACCENT_COLOR_NAME = AccentColor;
				CODE_SIGN_STYLE = Automatic;
				CURRENT_PROJECT_VERSION = 1;
				DEVELOPMENT_ASSET_PATHS = "\"ActionHierarchyTests/Preview Content\"";
				DEVELOPMENT_TEAM = FS696NSBK7;
				ENABLE_PREVIEWS = YES;
				GENERATE_INFOPLIST_FILE = YES;
				INFOPLIST_KEY_UIApplicationSceneManifest_Generation = YES;
				INFOPLIST_KEY_UIApplicationSupportsIndirectInputEvents = YES;
				INFOPLIST_KEY_UILaunchScreen_Generation = YES;
				INFOPLIST_KEY_UISupportedInterfaceOrientations_iPad = "UIInterfaceOrientationPortrait UIInterfaceOrientationPortraitUpsideDown UIInterfaceOrientationLandscapeLeft UIInterfaceOrientationLandscapeRight";
				INFOPLIST_KEY_UISupportedInterfaceOrientations_iPhone = "UIInterfaceOrientationPortrait UIInterfaceOrientationLandscapeLeft UIInterfaceOrientationLandscapeRight";
				LD_RUNPATH_SEARCH_PATHS = (
					"$(inherited)",
					"@executable_path/Frameworks",
				);
				MARKETING_VERSION = 1.0;
				PRODUCT_BUNDLE_IDENTIFIER = com.emiliopelaez.ActionHierarchyTests;
				PRODUCT_NAME = "$(TARGET_NAME)";
				SWIFT_EMIT_LOC_STRINGS = YES;
				SWIFT_VERSION = 5.0;
				TARGETED_DEVICE_FAMILY = "1,2";
			};
			name = Release;
		};
		C8450CB7278663A300B77623 /* Debug */ = {
			isa = XCBuildConfiguration;
			buildSettings = {
				CODE_SIGN_STYLE = Automatic;
				CURRENT_PROJECT_VERSION = 1;
				DEVELOPMENT_TEAM = FS696NSBK7;
				GENERATE_INFOPLIST_FILE = YES;
				MARKETING_VERSION = 1.0;
				PRODUCT_BUNDLE_IDENTIFIER = com.emiliopelaez.ActionHierarchyUITests;
				PRODUCT_NAME = "$(TARGET_NAME)";
				SWIFT_EMIT_LOC_STRINGS = NO;
				SWIFT_VERSION = 5.0;
				TARGETED_DEVICE_FAMILY = "1,2";
				TEST_TARGET_NAME = ActionHierarchyTests;
			};
			name = Debug;
		};
		C8450CB8278663A300B77623 /* Release */ = {
			isa = XCBuildConfiguration;
			buildSettings = {
				CODE_SIGN_STYLE = Automatic;
				CURRENT_PROJECT_VERSION = 1;
				DEVELOPMENT_TEAM = FS696NSBK7;
				GENERATE_INFOPLIST_FILE = YES;
				MARKETING_VERSION = 1.0;
				PRODUCT_BUNDLE_IDENTIFIER = com.emiliopelaez.ActionHierarchyUITests;
				PRODUCT_NAME = "$(TARGET_NAME)";
				SWIFT_EMIT_LOC_STRINGS = NO;
				SWIFT_VERSION = 5.0;
				TARGETED_DEVICE_FAMILY = "1,2";
				TEST_TARGET_NAME = ActionHierarchyTests;
			};
			name = Release;
		};
/* End XCBuildConfiguration section */

/* Begin XCConfigurationList section */
		C8450C8B2786631100B77623 /* Build configuration list for PBXProject "ActionHierarchyTests" */ = {
			isa = XCConfigurationList;
			buildConfigurations = (
				C8450C9C2786631300B77623 /* Debug */,
				C8450C9D2786631300B77623 /* Release */,
			);
			defaultConfigurationIsVisible = 0;
			defaultConfigurationName = Release;
		};
		C8450C9E2786631300B77623 /* Build configuration list for PBXNativeTarget "ActionHierarchyTests" */ = {
			isa = XCConfigurationList;
			buildConfigurations = (
				C8450C9F2786631300B77623 /* Debug */,
				C8450CA02786631300B77623 /* Release */,
			);
			defaultConfigurationIsVisible = 0;
			defaultConfigurationName = Release;
		};
		C8450CB6278663A300B77623 /* Build configuration list for PBXNativeTarget "ActionHierarchyUITests" */ = {
			isa = XCConfigurationList;
			buildConfigurations = (
				C8450CB7278663A300B77623 /* Debug */,
				C8450CB8278663A300B77623 /* Release */,
			);
			defaultConfigurationIsVisible = 0;
			defaultConfigurationName = Release;
		};
/* End XCConfigurationList section */
	};
	rootObject = C8450C882786631100B77623 /* Project object */;
}
